
Microsoft Visual Studio Solution File, Format Version 12.00
# Visual Studio Version 17
VisualStudioVersion = 17.7.34024.191
MinimumVisualStudioVersion = 10.0.40219.1
Project("{FAE04EC0-301F-11D3-BF4B-00C04F79EFBC}") = "BlazorExpenses", "BlazorExpenses\BlazorExpenses.csproj", "{7A61A0D2-C36D-474D-BAD3-B48D98989B28}"
EndProject
Global
	GlobalSection(SolutionConfigurationPlatforms) = preSolution
		Debug|Any CPU = Debug|Any CPU
		Release|Any CPU = Release|Any CPU
	EndGlobalSection
	GlobalSection(ProjectConfigurationPlatforms) = postSolution
		{7A61A0D2-C36D-474D-BAD3-B48D98989B28}.Debug|Any CPU.ActiveCfg = Debug|Any CPU
		{7A61A0D2-C36D-474D-BAD3-B48D98989B28}.Debug|Any CPU.Build.0 = Debug|Any CPU
		{7A61A0D2-C36D-474D-BAD3-B48D98989B28}.Release|Any CPU.ActiveCfg = Release|Any CPU
		{7A61A0D2-C36D-474D-BAD3-B48D98989B28}.Release|Any CPU.Build.0 = Release|Any CPU
	EndGlobalSection
	GlobalSection(SolutionProperties) = preSolution
		HideSolutionNode = FALSE
	EndGlobalSection
	GlobalSection(ExtensibilityGlobals) = postSolution
		SolutionGuid = {247248DE-305D-43FD-9E49-CDD3566F5E79}
	EndGlobalSection
EndGlobal
